
Microsoft Visual Studio Solution File, Format Version 12.00
# Visual Studio Version 17
VisualStudioVersion = 17.0.31903.59
MinimumVisualStudioVersion = 10.0.40219.1
Project("{FAE04EC0-301F-11D3-BF4B-00C04F79EFBC}") = "CineTicket.Web", "CineTicket.Web\CineTicket.Web.csproj", "{9BA3CB8F-509B-4673-8400-BB44D330EA82}"
EndProject
Project("{FAE04EC0-301F-11D3-BF4B-00C04F79EFBC}") = "CineTicket.Core", "CineTicket.Core\CineTicket.Core.csproj", "{0B8F6136-FCBF-4A3B-89B3-A5F2E68B164C}"
EndProject
Project("{FAE04EC0-301F-11D3-BF4B-00C04F79EFBC}") = "CineTicket.Data", "CineTicket.Data\CineTicket.Data.csproj", "{C6DD64FE-9589-4E31-B0AE-E1DC0AD5F50D}"
EndProject
Project("{FAE04EC0-301F-11D3-BF4B-00C04F79EFBC}") = "CineTicket.Application", "CineTicket.Application\CineTicket.Application.csproj", "{3220AB50-AB8A-49E3-9F31-9B24EDECCD2F}"
EndProject
Global
	GlobalSection(SolutionConfigurationPlatforms) = preSolution
		Debug|Any CPU = Debug|Any CPU
		Release|Any CPU = Release|Any CPU
	EndGlobalSection
	GlobalSection(ProjectConfigurationPlatforms) = postSolution
		{9BA3CB8F-509B-4673-8400-BB44D330EA82}.Debug|Any CPU.ActiveCfg = Debug|Any CPU
		{9BA3CB8F-509B-4673-8400-BB44D330EA82}.Debug|Any CPU.Build.0 = Debug|Any CPU
		{9BA3CB8F-509B-4673-8400-BB44D330EA82}.Release|Any CPU.ActiveCfg = Release|Any CPU
		{9BA3CB8F-509B-4673-8400-BB44D330EA82}.Release|Any CPU.Build.0 = Release|Any CPU
		{0B8F6136-FCBF-4A3B-89B3-A5F2E68B164C}.Debug|Any CPU.ActiveCfg = Debug|Any CPU
		{0B8F6136-FCBF-4A3B-89B3-A5F2E68B164C}.Debug|Any CPU.Build.0 = Debug|Any CPU
		{0B8F6136-FCBF-4A3B-89B3-A5F2E68B164C}.Release|Any CPU.ActiveCfg = Release|Any CPU
		{0B8F6136-FCBF-4A3B-89B3-A5F2E68B164C}.Release|Any CPU.Build.0 = Release|Any CPU
		{C6DD64FE-9589-4E31-B0AE-E1DC0AD5F50D}.Debug|Any CPU.ActiveCfg = Debug|Any CPU
		{C6DD64FE-9589-4E31-B0AE-E1DC0AD5F50D}.Debug|Any CPU.Build.0 = Debug|Any CPU
		{C6DD64FE-9589-4E31-B0AE-E1DC0AD5F50D}.Release|Any CPU.ActiveCfg = Release|Any CPU
		{C6DD64FE-9589-4E31-B0AE-E1DC0AD5F50D}.Release|Any CPU.Build.0 = Release|Any CPU
		{3220AB50-AB8A-49E3-9F31-9B24EDECCD2F}.Debug|Any CPU.ActiveCfg = Debug|Any CPU
		{3220AB50-AB8A-49E3-9F31-9B24EDECCD2F}.Debug|Any CPU.Build.0 = Debug|Any CPU
		{3220AB50-AB8A-49E3-9F31-9B24EDECCD2F}.Release|Any CPU.ActiveCfg = Release|Any CPU
		{3220AB50-AB8A-49E3-9F31-9B24EDECCD2F}.Release|Any CPU.Build.0 = Release|Any CPU
	EndGlobalSection
	GlobalSection(SolutionProperties) = preSolution
		HideSolutionNode = FALSE
	EndGlobalSection
EndGlobal
